// !$*UTF8*$!
{
	archiveVersion = 1;
	classes = {
	};
	objectVersion = 56;
	objects = {

/* Begin PBXBuildFile section */
		050D6083CBA8AF0E0E648614 /* DetailView.swift in Sources */ = {isa = PBXBuildFile; fileRef = E9B93B65DAE9167753383E7D /* DetailView.swift */; };
		179BE6189E29694A14AE3907 /* RootView.swift in Sources */ = {isa = PBXBuildFile; fileRef = 46BCF26AA54F0521D77D8626 /* RootView.swift */; };
		1CBF4EE01D2759CCACC449CF /* Assets.xcassets in Resources */ = {isa = PBXBuildFile; fileRef = BE834A453A2F942C8ED73F7A /* Assets.xcassets */; };
		34DEEFC0EAFFC5F5765E3D0D /* MainView.swift in Sources */ = {isa = PBXBuildFile; fileRef = 0FD15DF7A31E53CA57D2B32D /* MainView.swift */; };
		4B93A41DA0A04BA58FF89C59 /* Coordinator.swift in Sources */ = {isa = PBXBuildFile; fileRef = C796E814086EC75C366BE515 /* Coordinator.swift */; };
		5D2F8355BFD6E83977D15232 /* SettingsView.swift in Sources */ = {isa = PBXBuildFile; fileRef = E827F4E71525236733962519 /* SettingsView.swift */; };
		65A86FC40044119D982FB400 /* ProfileView.swift in Sources */ = {isa = PBXBuildFile; fileRef = 8899A99420EE1FA46BBE7654 /* ProfileView.swift */; };
		6F30A218983CBB59870520E6 /* AppDelegate.swift in Sources */ = {isa = PBXBuildFile; fileRef = 8BE9195CEA395A612724CF76 /* AppDelegate.swift */; };
		8FC6A9EEF71C80C16797E3CC /* AppSwiftUICoordinator.swift in Sources */ = {isa = PBXBuildFile; fileRef = 835DB6BD9C9BFCFC1D7677A3 /* AppSwiftUICoordinator.swift */; };
		9876306A7B3B5C9503D8F9D4 /* SwiftUICoordinator.swift in Sources */ = {isa = PBXBuildFile; fileRef = 499EADEEC2B680993B20D0B6 /* SwiftUICoordinator.swift */; };
		AC92F97A28E326D760491021 /* MainApp.swift in Sources */ = {isa = PBXBuildFile; fileRef = 67AACA705D26CED1FA5E928A /* MainApp.swift */; };
		E56CE7B3E8D2FE0DBC5821D4 /* Preview Assets.xcassets in Resources */ = {isa = PBXBuildFile; fileRef = C24E1DF8283D9D50E52A37F3 /* Preview Assets.xcassets */; };
		EB381E53AFB1A90EA8ED1EF7 /* MainCoordinator.swift in Sources */ = {isa = PBXBuildFile; fileRef = ED692FA424F42123C0D2A7CC /* MainCoordinator.swift */; };
		EBDFAEAB5B140E3B942A4F12 /* SceneDelegate.swift in Sources */ = {isa = PBXBuildFile; fileRef = D2F096585695695DEDEFBD74 /* SceneDelegate.swift */; };
		F650F44B81D983B17558AA3C /* AppCoordinator.swift in Sources */ = {isa = PBXBuildFile; fileRef = 0E13026AFEFDE99021669F2E /* AppCoordinator.swift */; };
/* End PBXBuildFile section */

/* Begin PBXFileReference section */
		0E13026AFEFDE99021669F2E /* AppCoordinator.swift */ = {isa = PBXFileReference; lastKnownFileType = sourcecode.swift; path = AppCoordinator.swift; sourceTree = "<group>"; };
		0FD15DF7A31E53CA57D2B32D /* MainView.swift */ = {isa = PBXFileReference; lastKnownFileType = sourcecode.swift; path = MainView.swift; sourceTree = "<group>"; };
		37EEAF1CAC80C4579EFB8B3A /* univasallink_appsflyer.entitlements */ = {isa = PBXFileReference; lastKnownFileType = text.plist.entitlements; path = univasallink_appsflyer.entitlements; sourceTree = "<group>"; };
		46BCF26AA54F0521D77D8626 /* RootView.swift */ = {isa = PBXFileReference; lastKnownFileType = sourcecode.swift; path = RootView.swift; sourceTree = "<group>"; };
		499EADEEC2B680993B20D0B6 /* SwiftUICoordinator.swift */ = {isa = PBXFileReference; lastKnownFileType = sourcecode.swift; path = SwiftUICoordinator.swift; sourceTree = "<group>"; };
		67AACA705D26CED1FA5E928A /* MainApp.swift */ = {isa = PBXFileReference; lastKnownFileType = sourcecode.swift; path = MainApp.swift; sourceTree = "<group>"; };
		7283FE8185DD156DDE45F6C9 /* Info.plist */ = {isa = PBXFileReference; lastKnownFileType = text.plist; path = Info.plist; sourceTree = "<group>"; };
		835DB6BD9C9BFCFC1D7677A3 /* AppSwiftUICoordinator.swift */ = {isa = PBXFileReference; lastKnownFileType = sourcecode.swift; path = AppSwiftUICoordinator.swift; sourceTree = "<group>"; };
		8899A99420EE1FA46BBE7654 /* ProfileView.swift */ = {isa = PBXFileReference; lastKnownFileType = sourcecode.swift; path = ProfileView.swift; sourceTree = "<group>"; };
		8BE9195CEA395A612724CF76 /* AppDelegate.swift */ = {isa = PBXFileReference; lastKnownFileType = sourcecode.swift; path = AppDelegate.swift; sourceTree = "<group>"; };
		A0BA175E7B62DFED517BDAF0 /* UniversalLinkAppsFlyer.app */ = {isa = PBXFileReference; includeInIndex = 0; lastKnownFileType = wrapper.application; path = UniversalLinkAppsFlyer.app; sourceTree = BUILT_PRODUCTS_DIR; };
		BE834A453A2F942C8ED73F7A /* Assets.xcassets */ = {isa = PBXFileReference; lastKnownFileType = folder.assetcatalog; path = Assets.xcassets; sourceTree = "<group>"; };
		C24E1DF8283D9D50E52A37F3 /* Preview Assets.xcassets */ = {isa = PBXFileReference; lastKnownFileType = folder.assetcatalog; path = "Preview Assets.xcassets"; sourceTree = "<group>"; };
		C796E814086EC75C366BE515 /* Coordinator.swift */ = {isa = PBXFileReference; lastKnownFileType = sourcecode.swift; path = Coordinator.swift; sourceTree = "<group>"; };
		D2F096585695695DEDEFBD74 /* SceneDelegate.swift */ = {isa = PBXFileReference; lastKnownFileType = sourcecode.swift; path = SceneDelegate.swift; sourceTree = "<group>"; };
		E827F4E71525236733962519 /* SettingsView.swift */ = {isa = PBXFileReference; lastKnownFileType = sourcecode.swift; path = SettingsView.swift; sourceTree = "<group>"; };
		E9B93B65DAE9167753383E7D /* DetailView.swift */ = {isa = PBXFileReference; lastKnownFileType = sourcecode.swift; path = DetailView.swift; sourceTree = "<group>"; };
		ED692FA424F42123C0D2A7CC /* MainCoordinator.swift */ = {isa = PBXFileReference; lastKnownFileType = sourcecode.swift; path = MainCoordinator.swift; sourceTree = "<group>"; };
/* End PBXFileReference section */

/* Begin PBXGroup section */
		0B2C0802191F88B8D1EB6F2A /* univasallink_appsflyer */ = {
			isa = PBXGroup;
			children = (
				8BE9195CEA395A612724CF76 /* AppDelegate.swift */,
				BE834A453A2F942C8ED73F7A /* Assets.xcassets */,
				7283FE8185DD156DDE45F6C9 /* Info.plist */,
				67AACA705D26CED1FA5E928A /* MainApp.swift */,
				D2F096585695695DEDEFBD74 /* SceneDelegate.swift */,
				37EEAF1CAC80C4579EFB8B3A /* univasallink_appsflyer.entitlements */,
				85A6007252F50A822622084F /* Coordinators */,
				DD84F62CA830F7CEB5D3E815 /* Preview Content */,
				A0D5C63BAA5AF395211A8C61 /* Protocols */,
				C6528A2C03AEDB513F700991 /* Views */,
			);
			path = univasallink_appsflyer;
			sourceTree = "<group>";
		};
		3EBF86A5A1355543D8BBECB5 = {
			isa = PBXGroup;
			children = (
				0B2C0802191F88B8D1EB6F2A /* univasallink_appsflyer */,
				B186D55DF3057A7B83AF6985 /* Products */,
			);
			sourceTree = "<group>";
		};
		85A6007252F50A822622084F /* Coordinators */ = {
			isa = PBXGroup;
			children = (
				0E13026AFEFDE99021669F2E /* AppCoordinator.swift */,
				835DB6BD9C9BFCFC1D7677A3 /* AppSwiftUICoordinator.swift */,
				ED692FA424F42123C0D2A7CC /* MainCoordinator.swift */,
			);
			path = Coordinators;
			sourceTree = "<group>";
		};
		A0D5C63BAA5AF395211A8C61 /* Protocols */ = {
			isa = PBXGroup;
			children = (
				C796E814086EC75C366BE515 /* Coordinator.swift */,
				499EADEEC2B680993B20D0B6 /* SwiftUICoordinator.swift */,
			);
			path = Protocols;
			sourceTree = "<group>";
		};
		B186D55DF3057A7B83AF6985 /* Products */ = {
			isa = PBXGroup;
			children = (
				A0BA175E7B62DFED517BDAF0 /* UniversalLinkAppsFlyer.app */,
			);
			name = Products;
			sourceTree = "<group>";
		};
		C6528A2C03AEDB513F700991 /* Views */ = {
			isa = PBXGroup;
			children = (
				E9B93B65DAE9167753383E7D /* DetailView.swift */,
				0FD15DF7A31E53CA57D2B32D /* MainView.swift */,
				8899A99420EE1FA46BBE7654 /* ProfileView.swift */,
				46BCF26AA54F0521D77D8626 /* RootView.swift */,
				E827F4E71525236733962519 /* SettingsView.swift */,
			);
			path = Views;
			sourceTree = "<group>";
		};
		DD84F62CA830F7CEB5D3E815 /* Preview Content */ = {
			isa = PBXGroup;
			children = (
				C24E1DF8283D9D50E52A37F3 /* Preview Assets.xcassets */,
			);
			path = "Preview Content";
			sourceTree = "<group>";
		};
/* End PBXGroup section */

/* Begin PBXNativeTarget section */
		11CCB22DFF447351AE359452 /* UniversalLinkAppsFlyer */ = {
			isa = PBXNativeTarget;
			buildConfigurationList = 3D93BE14211FC3F8290D359C /* Build configuration list for PBXNativeTarget "UniversalLinkAppsFlyer" */;
			buildPhases = (
				CD2E35F737ABB30D65D829F0 /* Sources */,
				5ABF5CD31BAF0265471A7D0F /* Resources */,
			);
			buildRules = (
			);
			dependencies = (
			);
			name = UniversalLinkAppsFlyer;
			productName = UniversalLinkAppsFlyer;
			productReference = A0BA175E7B62DFED517BDAF0 /* UniversalLinkAppsFlyer.app */;
			productType = "com.apple.product-type.application";
		};
/* End PBXNativeTarget section */

/* Begin PBXProject section */
		BA32B1A0FCE853902F3F016B /* Project object */ = {
			isa = PBXProject;
			attributes = {
				BuildIndependentTargetsInParallel = YES;
				LastUpgradeCheck = 1500;
				TargetAttributes = {
					11CCB22DFF447351AE359452 = {
						DevelopmentTeam = T33NHY384Q;
						ProvisioningStyle = Automatic;
					};
				};
			};
			buildConfigurationList = 422E4C6046ED21FE5E165077 /* Build configuration list for PBXProject "UniversalLinkAppsFlyer" */;
			compatibilityVersion = "Xcode 14.0";
			developmentRegion = en;
			hasScannedForEncodings = 0;
			knownRegions = (
				Base,
				en,
			);
			mainGroup = 3EBF86A5A1355543D8BBECB5;
			projectDirPath = "";
			projectRoot = "";
			targets = (
				11CCB22DFF447351AE359452 /* UniversalLinkAppsFlyer */,
			);
		};
/* End PBXProject section */

/* Begin PBXResourcesBuildPhase section */
		5ABF5CD31BAF0265471A7D0F /* Resources */ = {
			isa = PBXResourcesBuildPhase;
			buildActionMask = 2147483647;
			files = (
				1CBF4EE01D2759CCACC449CF /* Assets.xcassets in Resources */,
				E56CE7B3E8D2FE0DBC5821D4 /* Preview Assets.xcassets in Resources */,
			);
			runOnlyForDeploymentPostprocessing = 0;
		};
/* End PBXResourcesBuildPhase section */

/* Begin PBXSourcesBuildPhase section */
		CD2E35F737ABB30D65D829F0 /* Sources */ = {
			isa = PBXSourcesBuildPhase;
			buildActionMask = 2147483647;
			files = (
				F650F44B81D983B17558AA3C /* AppCoordinator.swift in Sources */,
				6F30A218983CBB59870520E6 /* AppDelegate.swift in Sources */,
				8FC6A9EEF71C80C16797E3CC /* AppSwiftUICoordinator.swift in Sources */,
				4B93A41DA0A04BA58FF89C59 /* Coordinator.swift in Sources */,
				050D6083CBA8AF0E0E648614 /* DetailView.swift in Sources */,
				AC92F97A28E326D760491021 /* MainApp.swift in Sources */,
				EB381E53AFB1A90EA8ED1EF7 /* MainCoordinator.swift in Sources */,
				34DEEFC0EAFFC5F5765E3D0D /* MainView.swift in Sources */,
				65A86FC40044119D982FB400 /* ProfileView.swift in Sources */,
				179BE6189E29694A14AE3907 /* RootView.swift in Sources */,
				EBDFAEAB5B140E3B942A4F12 /* SceneDelegate.swift in Sources */,
				5D2F8355BFD6E83977D15232 /* SettingsView.swift in Sources */,
				9876306A7B3B5C9503D8F9D4 /* SwiftUICoordinator.swift in Sources */,
			);
			runOnlyForDeploymentPostprocessing = 0;
		};
/* End PBXSourcesBuildPhase section */

/* Begin XCBuildConfiguration section */
		1FAEBC095CF8D6E13281F53E /* Release */ = {
			isa = XCBuildConfiguration;
			buildSettings = {
				ASSETCATALOG_COMPILER_APPICON_NAME = AppIcon;
				CODE_SIGN_IDENTITY = "iPhone Developer";
				CODE_SIGN_STYLE = Automatic;
				DEVELOPMENT_TEAM = T33NHY384Q;
				INFOPLIST_FILE = univasallink_appsflyer/Info.plist;
				IPHONEOS_DEPLOYMENT_TARGET = 16.0;
				LD_RUNPATH_SEARCH_PATHS = (
					"$(inherited)",
					"@executable_path/Frameworks",
				);
				PRODUCT_BUNDLE_IDENTIFIER = jp.co.paperboy.Suzuri.test;
				SDKROOT = iphoneos;
				TARGETED_DEVICE_FAMILY = "1,2";
			};
			name = Release;
		};
		2F9FBC97843C153F1A2CEF21 /* Debug */ = {
			isa = XCBuildConfiguration;
			buildSettings = {
				ASSETCATALOG_COMPILER_APPICON_NAME = AppIcon;
				CODE_SIGN_IDENTITY = "iPhone Developer";
				CODE_SIGN_STYLE = Automatic;
				DEVELOPMENT_TEAM = T33NHY384Q;
				INFOPLIST_FILE = univasallink_appsflyer/Info.plist;
				IPHONEOS_DEPLOYMENT_TARGET = 16.0;
				LD_RUNPATH_SEARCH_PATHS = (
					"$(inherited)",
					"@executable_path/Frameworks",
				);
				PRODUCT_BUNDLE_IDENTIFIER = jp.co.paperboy.Suzuri.test;
				SDKROOT = iphoneos;
				TARGETED_DEVICE_FAMILY = "1,2";
			};
			name = Debug;
		};
		D021A89BF7EF362A8CB3DF40 /* Release */ = {
			isa = XCBuildConfiguration;
			buildSettings = {
				ALWAYS_SEARCH_USER_PATHS = NO;
				CLANG_ANALYZER_NONNULL = YES;
				CLANG_ANALYZER_NUMBER_OBJECT_CONVERSION = YES_AGGRESSIVE;
				CLANG_CXX_LANGUAGE_STANDARD = "gnu++14";
				CLANG_CXX_LIBRARY = "libc++";
				CLANG_ENABLE_MODULES = YES;
				CLANG_ENABLE_OBJC_ARC = YES;
				CLANG_ENABLE_OBJC_WEAK = YES;
				CLANG_WARN_BLOCK_CAPTURE_AUTORELEASING = YES;
				CLANG_WARN_BOOL_CONVERSION = YES;
				CLANG_WARN_COMMA = YES;
				CLANG_WARN_CONSTANT_CONVERSION = YES;
				CLANG_WARN_DEPRECATED_OBJC_IMPLEMENTATIONS = YES;
				CLANG_WARN_DIRECT_OBJC_ISA_USAGE = YES_ERROR;
				CLANG_WARN_DOCUMENTATION_COMMENTS = YES;
				CLANG_WARN_EMPTY_BODY = YES;
				CLANG_WARN_ENUM_CONVERSION = YES;
				CLANG_WARN_INFINITE_RECURSION = YES;
				CLANG_WARN_INT_CONVERSION = YES;
				CLANG_WARN_NON_LITERAL_NULL_CONVERSION = YES;
				CLANG_WARN_OBJC_IMPLICIT_RETAIN_SELF = YES;
				CLANG_WARN_OBJC_LITERAL_CONVERSION = YES;
				CLANG_WARN_OBJC_ROOT_CLASS = YES_ERROR;
				CLANG_WARN_QUOTED_INCLUDE_IN_FRAMEWORK_HEADER = YES;
				CLANG_WARN_RANGE_LOOP_ANALYSIS = YES;
				CLANG_WARN_STRICT_PROTOTYPES = YES;
				CLANG_WARN_SUSPICIOUS_MOVE = YES;
				CLANG_WARN_UNGUARDED_AVAILABILITY = YES_AGGRESSIVE;
				CLANG_WARN_UNREACHABLE_CODE = YES;
				CLANG_WARN__DUPLICATE_METHOD_MATCH = YES;
				COPY_PHASE_STRIP = NO;
				DEBUG_INFORMATION_FORMAT = "dwarf-with-dsym";
				DEVELOPMENT_TEAM = T33NHY384Q;
				ENABLE_NS_ASSERTIONS = NO;
				ENABLE_STRICT_OBJC_MSGSEND = YES;
				GCC_C_LANGUAGE_STANDARD = gnu11;
				GCC_NO_COMMON_BLOCKS = YES;
				GCC_WARN_64_TO_32_BIT_CONVERSION = YES;
				GCC_WARN_ABOUT_RETURN_TYPE = YES_ERROR;
				GCC_WARN_UNDECLARED_SELECTOR = YES;
				GCC_WARN_UNINITIALIZED_AUTOS = YES_AGGRESSIVE;
				GCC_WARN_UNUSED_FUNCTION = YES;
				GCC_WARN_UNUSED_VARIABLE = YES;
				IPHONEOS_DEPLOYMENT_TARGET = 16.0;
				MTL_ENABLE_DEBUG_INFO = NO;
				MTL_FAST_MATH = YES;
				PRODUCT_NAME = "$(TARGET_NAME)";
				SDKROOT = iphoneos;
				SWIFT_COMPILATION_MODE = wholemodule;
				SWIFT_OPTIMIZATION_LEVEL = "-O";
				SWIFT_VERSION = 5.0;
			};
			name = Release;
		};
		DB09F3ABAC8F24AF08461B22 /* Debug */ = {
			isa = XCBuildConfiguration;
			buildSettings = {
				ALWAYS_SEARCH_USER_PATHS = NO;
				CLANG_ANALYZER_NONNULL = YES;
				CLANG_ANALYZER_NUMBER_OBJECT_CONVERSION = YES_AGGRESSIVE;
				CLANG_CXX_LANGUAGE_STANDARD = "gnu++14";
				CLANG_CXX_LIBRARY = "libc++";
				CLANG_ENABLE_MODULES = YES;
				CLANG_ENABLE_OBJC_ARC = YES;
				CLANG_ENABLE_OBJC_WEAK = YES;
				CLANG_WARN_BLOCK_CAPTURE_AUTORELEASING = YES;
				CLANG_WARN_BOOL_CONVERSION = YES;
				CLANG_WARN_COMMA = YES;
				CLANG_WARN_CONSTANT_CONVERSION = YES;
				CLANG_WARN_DEPRECATED_OBJC_IMPLEMENTATIONS = YES;
				CLANG_WARN_DIRECT_OBJC_ISA_USAGE = YES_ERROR;
				CLANG_WARN_DOCUMENTATION_COMMENTS = YES;
				CLANG_WARN_EMPTY_BODY = YES;
				CLANG_WARN_ENUM_CONVERSION = YES;
				CLANG_WARN_INFINITE_RECURSION = YES;
				CLANG_WARN_INT_CONVERSION = YES;
				CLANG_WARN_NON_LITERAL_NULL_CONVERSION = YES;
				CLANG_WARN_OBJC_IMPLICIT_RETAIN_SELF = YES;
				CLANG_WARN_OBJC_LITERAL_CONVERSION = YES;
				CLANG_WARN_OBJC_ROOT_CLASS = YES_ERROR;
				CLANG_WARN_QUOTED_INCLUDE_IN_FRAMEWORK_HEADER = YES;
				CLANG_WARN_RANGE_LOOP_ANALYSIS = YES;
				CLANG_WARN_STRICT_PROTOTYPES = YES;
				CLANG_WARN_SUSPICIOUS_MOVE = YES;
				CLANG_WARN_UNGUARDED_AVAILABILITY = YES_AGGRESSIVE;
				CLANG_WARN_UNREACHABLE_CODE = YES;
				CLANG_WARN__DUPLICATE_METHOD_MATCH = YES;
				COPY_PHASE_STRIP = NO;
				DEBUG_INFORMATION_FORMAT = dwarf;
				DEVELOPMENT_TEAM = T33NHY384Q;
				ENABLE_STRICT_OBJC_MSGSEND = YES;
				ENABLE_TESTABILITY = YES;
				GCC_C_LANGUAGE_STANDARD = gnu11;
				GCC_DYNAMIC_NO_PIC = NO;
				GCC_NO_COMMON_BLOCKS = YES;
				GCC_OPTIMIZATION_LEVEL = 0;
				GCC_PREPROCESSOR_DEFINITIONS = (
					"$(inherited)",
					"DEBUG=1",
				);
				GCC_WARN_64_TO_32_BIT_CONVERSION = YES;
				GCC_WARN_ABOUT_RETURN_TYPE = YES_ERROR;
				GCC_WARN_UNDECLARED_SELECTOR = YES;
				GCC_WARN_UNINITIALIZED_AUTOS = YES_AGGRESSIVE;
				GCC_WARN_UNUSED_FUNCTION = YES;
				GCC_WARN_UNUSED_VARIABLE = YES;
				IPHONEOS_DEPLOYMENT_TARGET = 16.0;
				MTL_ENABLE_DEBUG_INFO = INCLUDE_SOURCE;
				MTL_FAST_MATH = YES;
				ONLY_ACTIVE_ARCH = YES;
				PRODUCT_NAME = "$(TARGET_NAME)";
				SDKROOT = iphoneos;
				SWIFT_ACTIVE_COMPILATION_CONDITIONS = DEBUG;
				SWIFT_OPTIMIZATION_LEVEL = "-Onone";
				SWIFT_VERSION = 5.0;
			};
			name = Debug;
		};
/* End XCBuildConfiguration section */

/* Begin XCConfigurationList section */
		3D93BE14211FC3F8290D359C /* Build configuration list for PBXNativeTarget "UniversalLinkAppsFlyer" */ = {
			isa = XCConfigurationList;
			buildConfigurations = (
				2F9FBC97843C153F1A2CEF21 /* Debug */,
				1FAEBC095CF8D6E13281F53E /* Release */,
			);
			defaultConfigurationIsVisible = 0;
			defaultConfigurationName = Debug;
		};
		422E4C6046ED21FE5E165077 /* Build configuration list for PBXProject "UniversalLinkAppsFlyer" */ = {
			isa = XCConfigurationList;
			buildConfigurations = (
				DB09F3ABAC8F24AF08461B22 /* Debug */,
				D021A89BF7EF362A8CB3DF40 /* Release */,
			);
			defaultConfigurationIsVisible = 0;
			defaultConfigurationName = Debug;
		};
/* End XCConfigurationList section */
	};
	rootObject = BA32B1A0FCE853902F3F016B /* Project object */;
}
